{
  "name": "egret",
  "version": "5.2.33",
  "lockfileVersion": 3,
  "requires": true,
  "packages": {
    "": {
      "name": "egret",
      "version": "5.2.33",
      "bin": {
        "egret": "tools/bin/egret"
      },
      "devDependencies": {
        "typescript-plus": "^3.1.5"
      }
    },
    "node_modules/typescript-plus": {
      "version": "3.1.5",
      "resolved": "https://registry.npmjs.org/typescript-plus/-/typescript-plus-3.1.5.tgz",
      "integrity": "sha512-qVPzdQ3yz2NHQIZkygScQQDC4NGb2aG/eNffNa+D8CLKSUEYVnkMZyU+BREiDVEQU2vtT6QlAq/XDmQVK6ktgQ==",
      "dev": true,
      "bin": {
        "tsc-plus": "bin/tsc"
      },
      "engines": {
        "node": ">=4.2.0"
      }
    }
  }
}
